{
  "name": "web-font-converter",
  "version": "1.0.0",
  "lockfileVersion": 1,
  "requires": true,
  "dependencies": {
    "argparse": {
      "version": "1.0.10",
      "resolved": "https://registry.npmjs.org/argparse/-/argparse-1.0.10.tgz",
      "integrity": "sha512-o5Roy6tNG4SL/FOkCAN6RzjiakZS25RLYFrcMttJqbdd8BWrnA+fGz57iN5Pb06pvBGvl5gQ0B48dJlslXvoTg==",
      "requires": {
        "sprintf-js": "~1.0.2"
      }
    },
    "microbuffer": {
      "version": "1.0.0",
      "resolved": "https://registry.npmjs.org/microbuffer/-/microbuffer-1.0.0.tgz",
      "integrity": "sha1-izgy7UDIfVH0e7I0kTppinVtGdI="
    },
    "pako": {
      "version": "1.0.6",
      "resolved": "https://registry.npmjs.org/pako/-/pako-1.0.6.tgz",
      "integrity": "sha512-lQe48YPsMJAig+yngZ87Lus+NF+3mtu7DVOBu6b/gHO1YpKwIj5AWjZ/TOS7i46HD/UixzWb1zeWDZfGZ3iYcg=="
    },
    "sprintf-js": {
      "version": "1.0.3",
      "resolved": "https://registry.npmjs.org/sprintf-js/-/sprintf-js-1.0.3.tgz",
      "integrity": "sha1-BOaSb2YolTVPPdAVIDYzuFcpfiw="
    },
    "ttf2eot": {
      "version": "2.0.0",
      "resolved": "https://registry.npmjs.org/ttf2eot/-/ttf2eot-2.0.0.tgz",
      "integrity": "sha1-jmM3pYWr0WCKDISVirSDzmn2ZUs=",
      "requires": {
        "argparse": "^1.0.6",
        "microbuffer": "^1.0.0"
      }
    },
    "ttf2woff": {
      "version": "2.0.1",
      "resolved": "https://registry.npmjs.org/ttf2woff/-/ttf2woff-2.0.1.tgz",
      "integrity": "sha1-hxgyJAAksJ25VwkEx8GSi4BXyWk=",
      "requires": {
        "argparse": "^1.0.6",
        "microbuffer": "^1.0.0",
        "pako": "^1.0.0"
      }
    },
    "wawoff2": {
      "version": "1.0.2",
      "resolved": "https://registry.npmjs.org/wawoff2/-/wawoff2-1.0.2.tgz",
      "integrity": "sha512-qxuTwf5tAP/XojrRc6cmR0hGvqgD3XUxv2fzfzURKPDfE7AeHmtRuankVxdJ4DRdSKXaE5QlyJT49yBis2vb6Q==",
      "requires": {
        "argparse": "^1.0.6"
      }
    }
  }
}
